
Microsoft Visual Studio Solution File, Format Version 12.00
# Visual Studio Version 17
VisualStudioVersion = 17.6.33815.320
MinimumVisualStudioVersion = 10.0.40219.1
Project("{FAE04EC0-301F-11D3-BF4B-00C04F79EFBC}") = "ServerList", "Server\ServerList.csproj", "{77735296-D76D-480A-86EE-72333402102B}"
EndProject
Global
	GlobalSection(SolutionConfigurationPlatforms) = preSolution
		Debug|Any CPU = Debug|Any CPU
		Release|Any CPU = Release|Any CPU
	EndGlobalSection
	GlobalSection(ProjectConfigurationPlatforms) = postSolution
		{77735296-D76D-480A-86EE-72333402102B}.Debug|Any CPU.ActiveCfg = Debug|Any CPU
		{77735296-D76D-480A-86EE-72333402102B}.Debug|Any CPU.Build.0 = Debug|Any CPU
		{77735296-D76D-480A-86EE-72333402102B}.Release|Any CPU.ActiveCfg = Release|Any CPU
		{77735296-D76D-480A-86EE-72333402102B}.Release|Any CPU.Build.0 = Release|Any CPU
	EndGlobalSection
	GlobalSection(SolutionProperties) = preSolution
		HideSolutionNode = FALSE
	EndGlobalSection
	GlobalSection(ExtensibilityGlobals) = postSolution
		SolutionGuid = {C34C3942-3D6B-43CE-B520-23073F1D444F}
	EndGlobalSection
EndGlobal
